
Microsoft Visual Studio Solution File, Format Version 12.00
# Visual Studio Version 17
VisualStudioVersion = 17.14.37314.3 d17.14
MinimumVisualStudioVersion = 10.0.40219.1
Project("{FAE04EC0-301F-11D3-BF4B-00C04F79EFBC}") = "BacnetSim", "BacnetSim.csproj", "{40155021-24E4-A47A-8FBF-7BDB49B5E161}"
EndProject
Global
	GlobalSection(SolutionConfigurationPlatforms) = preSolution
		Debug|Any CPU = Debug|Any CPU
		Release|Any CPU = Release|Any CPU
	EndGlobalSection
	GlobalSection(ProjectConfigurationPlatforms) = postSolution
		{40155021-24E4-A47A-8FBF-7BDB49B5E161}.Debug|Any CPU.ActiveCfg = Debug|Any CPU
		{40155021-24E4-A47A-8FBF-7BDB49B5E161}.Debug|Any CPU.Build.0 = Debug|Any CPU
		{40155021-24E4-A47A-8FBF-7BDB49B5E161}.Release|Any CPU.ActiveCfg = Release|Any CPU
		{40155021-24E4-A47A-8FBF-7BDB49B5E161}.Release|Any CPU.Build.0 = Release|Any CPU
	EndGlobalSection
	GlobalSection(SolutionProperties) = preSolution
		HideSolutionNode = FALSE
	EndGlobalSection
	GlobalSection(ExtensibilityGlobals) = postSolution
		SolutionGuid = {15149566-F1F9-4685-AF7A-EDC919B7685D}
	EndGlobalSection
EndGlobal
